
Microsoft Visual Studio Solution File, Format Version 12.00
# Visual Studio Version 17
VisualStudioVersion = 17.0.32014.148
MinimumVisualStudioVersion = 10.0.40219.1
Project("{FAE04EC0-301F-11D3-BF4B-00C04F79EFBC}") = "EmployeeSystem", "EmployeeSystem\EmployeeSystem.csproj", "{8D684826-3591-479E-9672-4B2360E4CA51}"
EndProject
Global
	GlobalSection(SolutionConfigurationPlatforms) = preSolution
		Debug|Any CPU = Debug|Any CPU
		Release|Any CPU = Release|Any CPU
	EndGlobalSection
	GlobalSection(ProjectConfigurationPlatforms) = postSolution
		{8D684826-3591-479E-9672-4B2360E4CA51}.Debug|Any CPU.ActiveCfg = Debug|Any CPU
		{8D684826-3591-479E-9672-4B2360E4CA51}.Debug|Any CPU.Build.0 = Debug|Any CPU
		{8D684826-3591-479E-9672-4B2360E4CA51}.Release|Any CPU.ActiveCfg = Release|Any CPU
		{8D684826-3591-479E-9672-4B2360E4CA51}.Release|Any CPU.Build.0 = Release|Any CPU
	EndGlobalSection
	GlobalSection(SolutionProperties) = preSolution
		HideSolutionNode = FALSE
	EndGlobalSection
	GlobalSection(ExtensibilityGlobals) = postSolution
		SolutionGuid = {6C0E6C9F-6298-4305-9193-73816D8B56AD}
	EndGlobalSection
EndGlobal
